Microsoft Visual Studio Solution File, Format Version 12.00
# Visual Studio Version 17
VisualStudioVersion = 17.10.35004.147
MinimumVisualStudioVersion = 10.0.40219.1
Project("{FAE04EC0-301F-11D3-BF4B-00C04F79EFBC}") = "TasteZambia.API", "TasteZambia.API\TasteZambia.API.csproj", "{A1163AA6-EC35-467B-A818-C2AA1E8DBF84}"
EndProject
Project("{FAE04EC0-301F-11D3-BF4B-00C04F79EFBC}") = "TasteZambia.Mobile", "TasteZambia.Mobile\TasteZambia.Mobile.csproj", "{54367010-E910-4483-9A84-CAC181EA5BB6}"
EndProject
Project("{2150E333-8FDC-42A3-9474-1A3956D46DE8}") = "Solution Items", "Solution Items", "{ADCE2F55-3B0C-42F4-8DED-D7EDFC75DA50}"
	ProjectSection(SolutionItems) = preProject
		compose.yaml = compose.yaml
	EndProjectSection
EndProject
Project("{FAE04EC0-301F-11D3-BF4B-00C04F79EFBC}") = "TasteZambia.Shared", "TasteZambia.Shared\TasteZambia.Shared.csproj", "{A3D6CA9E-E511-4A53-BBDC-CF508B744301}"
EndProject
Project("{FAE04EC0-301F-11D3-BF4B-00C04F79EFBC}") = "TasteZambia.Core", "TasteZambia.Core\TasteZambia.Core.csproj", "{3D91C1F7-E70D-454B-BBC2-6DD310B73F2B}"
EndProject
Project("{FAE04EC0-301F-11D3-BF4B-00C04F79EFBC}") = "TasteZambia.Core.Tests", "TasteZambia.Core.Tests\TasteZambia.Core.Tests.csproj", "{43DB9060-4F6F-4B6D-ABFE-52831910448D}"
EndProject
Global
	GlobalSection(SolutionConfigurationPlatforms) = preSolution
		Debug|Any CPU = Debug|Any CPU
		Debug|x64 = Debug|x64
		Debug|x86 = Debug|x86
		Release|Any CPU = Release|Any CPU
		Release|x64 = Release|x64
		Release|x86 = Release|x86
	EndGlobalSection
	GlobalSection(ProjectConfigurationPlatforms) = postSolution
		{A1163AA6-EC35-467B-A818-C2AA1E8DBF84}.Debug|Any CPU.ActiveCfg = Debug|Any CPU
		{A1163AA6-EC35-467B-A818-C2AA1E8DBF84}.Debug|Any CPU.Build.0 = Debug|Any CPU
		{A1163AA6-EC35-467B-A818-C2AA1E8DBF84}.Debug|x64.ActiveCfg = Debug|Any CPU
		{A1163AA6-EC35-467B-A818-C2AA1E8DBF84}.Debug|x64.Build.0 = Debug|Any CPU
		{A1163AA6-EC35-467B-A818-C2AA1E8DBF84}.Debug|x86.ActiveCfg = Debug|Any CPU
		{A1163AA6-EC35-467B-A818-C2AA1E8DBF84}.Debug|x86.Build.0 = Debug|Any CPU
		{A1163AA6-EC35-467B-A818-C2AA1E8DBF84}.Release|Any CPU.ActiveCfg = Release|Any CPU
		{A1163AA6-EC35-467B-A818-C2AA1E8DBF84}.Release|Any CPU.Build.0 = Release|Any CPU
		{A1163AA6-EC35-467B-A818-C2AA1E8DBF84}.Release|x64.ActiveCfg = Release|Any CPU
		{A1163AA6-EC35-467B-A818-C2AA1E8DBF84}.Release|x64.Build.0 = Release|Any CPU
		{A1163AA6-EC35-467B-A818-C2AA1E8DBF84}.Release|x86.ActiveCfg = Release|Any CPU
		{A1163AA6-EC35-467B-A818-C2AA1E8DBF84}.Release|x86.Build.0 = Release|Any CPU
		{54367010-E910-4483-9A84-CAC181EA5BB6}.Debug|Any CPU.ActiveCfg = Debug|Any CPU
		{54367010-E910-4483-9A84-CAC181EA5BB6}.Debug|Any CPU.Build.0 = Debug|Any CPU
		{54367010-E910-4483-9A84-CAC181EA5BB6}.Debug|x64.ActiveCfg = Debug|Any CPU
		{54367010-E910-4483-9A84-CAC181EA5BB6}.Debug|x64.Build.0 = Debug|Any CPU
		{54367010-E910-4483-9A84-CAC181EA5BB6}.Debug|x86.ActiveCfg = Debug|Any CPU
		{54367010-E910-4483-9A84-CAC181EA5BB6}.Debug|x86.Build.0 = Debug|Any CPU
		{54367010-E910-4483-9A84-CAC181EA5BB6}.Release|Any CPU.ActiveCfg = Release|Any CPU
		{54367010-E910-4483-9A84-CAC181EA5BB6}.Release|Any CPU.Build.0 = Release|Any CPU
		{54367010-E910-4483-9A84-CAC181EA5BB6}.Release|x64.ActiveCfg = Release|Any CPU
		{54367010-E910-4483-9A84-CAC181EA5BB6}.Release|x64.Build.0 = Release|Any CPU
		{54367010-E910-4483-9A84-CAC181EA5BB6}.Release|x86.ActiveCfg = Release|Any CPU
		{54367010-E910-4483-9A84-CAC181EA5BB6}.Release|x86.Build.0 = Release|Any CPU
		{A3D6CA9E-E511-4A53-BBDC-CF508B744301}.Debug|Any CPU.ActiveCfg = Debug|Any CPU
		{A3D6CA9E-E511-4A53-BBDC-CF508B744301}.Debug|Any CPU.Build.0 = Debug|Any CPU
		{A3D6CA9E-E511-4A53-BBDC-CF508B744301}.Debug|x64.ActiveCfg = Debug|Any CPU
		{A3D6CA9E-E511-4A53-BBDC-CF508B744301}.Debug|x64.Build.0 = Debug|Any CPU
		{A3D6CA9E-E511-4A53-BBDC-CF508B744301}.Debug|x86.ActiveCfg = Debug|Any CPU
		{A3D6CA9E-E511-4A53-BBDC-CF508B744301}.Debug|x86.Build.0 = Debug|Any CPU
		{A3D6CA9E-E511-4A53-BBDC-CF508B744301}.Release|Any CPU.ActiveCfg = Release|Any CPU
		{A3D6CA9E-E511-4A53-BBDC-CF508B744301}.Release|Any CPU.Build.0 = Release|Any CPU
		{A3D6CA9E-E511-4A53-BBDC-CF508B744301}.Release|x64.ActiveCfg = Release|Any CPU
		{A3D6CA9E-E511-4A53-BBDC-CF508B744301}.Release|x64.Build.0 = Release|Any CPU
		{A3D6CA9E-E511-4A53-BBDC-CF508B744301}.Release|x86.ActiveCfg = Release|Any CPU
		{A3D6CA9E-E511-4A53-BBDC-CF508B744301}.Release|x86.Build.0 = Release|Any CPU
		{3D91C1F7-E70D-454B-BBC2-6DD310B73F2B}.Debug|Any CPU.ActiveCfg = Debug|Any CPU
		{3D91C1F7-E70D-454B-BBC2-6DD310B73F2B}.Debug|Any CPU.Build.0 = Debug|Any CPU
		{3D91C1F7-E70D-454B-BBC2-6DD310B73F2B}.Debug|x64.ActiveCfg = Debug|Any CPU
		{3D91C1F7-E70D-454B-BBC2-6DD310B73F2B}.Debug|x64.Build.0 = Debug|Any CPU
		{3D91C1F7-E70D-454B-BBC2-6DD310B73F2B}.Debug|x86.ActiveCfg = Debug|Any CPU
		{3D91C1F7-E70D-454B-BBC2-6DD310B73F2B}.Debug|x86.Build.0 = Debug|Any CPU
		{3D91C1F7-E70D-454B-BBC2-6DD310B73F2B}.Release|Any CPU.ActiveCfg = Release|Any CPU
		{3D91C1F7-E70D-454B-BBC2-6DD310B73F2B}.Release|Any CPU.Build.0 = Release|Any CPU
		{3D91C1F7-E70D-454B-BBC2-6DD310B73F2B}.Release|x64.ActiveCfg = Release|Any CPU
		{3D91C1F7-E70D-454B-BBC2-6DD310B73F2B}.Release|x64.Build.0 = Release|Any CPU
		{3D91C1F7-E70D-454B-BBC2-6DD310B73F2B}.Release|x86.ActiveCfg = Release|Any CPU
		{3D91C1F7-E70D-454B-BBC2-6DD310B73F2B}.Release|x86.Build.0 = Release|Any CPU
		{43DB9060-4F6F-4B6D-ABFE-52831910448D}.Debug|Any CPU.ActiveCfg = Debug|Any CPU
		{43DB9060-4F6F-4B6D-ABFE-52831910448D}.Debug|Any CPU.Build.0 = Debug|Any CPU
		{43DB9060-4F6F-4B6D-ABFE-52831910448D}.Debug|x64.ActiveCfg = Debug|Any CPU
		{43DB9060-4F6F-4B6D-ABFE-52831910448D}.Debug|x64.Build.0 = Debug|Any CPU
		{43DB9060-4F6F-4B6D-ABFE-52831910448D}.Debug|x86.ActiveCfg = Debug|Any CPU
		{43DB9060-4F6F-4B6D-ABFE-52831910448D}.Debug|x86.Build.0 = Debug|Any CPU
		{43DB9060-4F6F-4B6D-ABFE-52831910448D}.Release|Any CPU.ActiveCfg = Release|Any CPU
		{43DB9060-4F6F-4B6D-ABFE-52831910448D}.Release|Any CPU.Build.0 = Release|Any CPU
		{43DB9060-4F6F-4B6D-ABFE-52831910448D}.Release|x64.ActiveCfg = Release|Any CPU
		{43DB9060-4F6F-4B6D-ABFE-52831910448D}.Release|x64.Build.0 = Release|Any CPU
		{43DB9060-4F6F-4B6D-ABFE-52831910448D}.Release|x86.ActiveCfg = Release|Any CPU
		{43DB9060-4F6F-4B6D-ABFE-52831910448D}.Release|x86.Build.0 = Release|Any CPU
	EndGlobalSection
	GlobalSection(SolutionProperties) = preSolution
		HideSolutionNode = FALSE
	EndGlobalSection
	GlobalSection(NestedProjects) = preSolution
		{A1163AA6-EC35-467B-A818-C2AA1E8DBF84} = {ADCE2F55-3B0C-42F4-8DED-D7EDFC75DA50}
		{54367010-E910-4483-9A84-CAC181EA5BB6} = {ADCE2F55-3B0C-42F4-8DED-D7EDFC75DA50}
	EndGlobalSection
EndGlobal
